
Microsoft Visual Studio Solution File, Format Version 12.00
# Visual Studio Version 17
VisualStudioVersion = 17.7.34221.43
MinimumVisualStudioVersion = 10.0.40219.1
Project("{9A19103F-16F7-4668-BE54-9A1E7A4F7556}") = "apicep.API", "apicep.API\apicep.API.csproj", "{4AE50A2B-59D5-400F-B55A-3C2D94BEF94C}"
EndProject
Project("{FAE04EC0-301F-11D3-BF4B-00C04F79EFBC}") = "apicep.Infrastructure", "apicep.Infrastructure\apicep.Infrastructure.csproj", "{B678427D-E661-4957-ACAD-FA2FED69162B}"
EndProject
Project("{FAE04EC0-301F-11D3-BF4B-00C04F79EFBC}") = "apicep.Application", "apicep.Application\apicep.Application.csproj", "{7A4A80AE-D705-4090-A5EE-330A907B57DD}"
EndProject
Global
	GlobalSection(SolutionConfigurationPlatforms) = preSolution
		Debug|Any CPU = Debug|Any CPU
		Release|Any CPU = Release|Any CPU
	EndGlobalSection
	GlobalSection(ProjectConfigurationPlatforms) = postSolution
		{4AE50A2B-59D5-400F-B55A-3C2D94BEF94C}.Debug|Any CPU.ActiveCfg = Debug|Any CPU
		{4AE50A2B-59D5-400F-B55A-3C2D94BEF94C}.Debug|Any CPU.Build.0 = Debug|Any CPU
		{4AE50A2B-59D5-400F-B55A-3C2D94BEF94C}.Release|Any CPU.ActiveCfg = Release|Any CPU
		{4AE50A2B-59D5-400F-B55A-3C2D94BEF94C}.Release|Any CPU.Build.0 = Release|Any CPU
		{B678427D-E661-4957-ACAD-FA2FED69162B}.Debug|Any CPU.ActiveCfg = Debug|Any CPU
		{B678427D-E661-4957-ACAD-FA2FED69162B}.Debug|Any CPU.Build.0 = Debug|Any CPU
		{B678427D-E661-4957-ACAD-FA2FED69162B}.Release|Any CPU.ActiveCfg = Release|Any CPU
		{B678427D-E661-4957-ACAD-FA2FED69162B}.Release|Any CPU.Build.0 = Release|Any CPU
		{7A4A80AE-D705-4090-A5EE-330A907B57DD}.Debug|Any CPU.ActiveCfg = Debug|Any CPU
		{7A4A80AE-D705-4090-A5EE-330A907B57DD}.Debug|Any CPU.Build.0 = Debug|Any CPU
		{7A4A80AE-D705-4090-A5EE-330A907B57DD}.Release|Any CPU.ActiveCfg = Release|Any CPU
		{7A4A80AE-D705-4090-A5EE-330A907B57DD}.Release|Any CPU.Build.0 = Release|Any CPU
	EndGlobalSection
	GlobalSection(SolutionProperties) = preSolution
		HideSolutionNode = FALSE
	EndGlobalSection
	GlobalSection(ExtensibilityGlobals) = postSolution
		SolutionGuid = {A1FBFB33-044C-42DE-86AC-2B612A22ED24}
	EndGlobalSection
EndGlobal
